PODS:
  - Alamofire (2.0.0)
  - MBProgressHUD (0.9.1)
  - SwiftKeychain (0.1.5)

DEPENDENCIES:
  - Alamofire
  - MBProgressHUD
  - SwiftKeychain

SPEC CHECKSUMS:
  Alamofire: 2f13548b29d25a58ecd91c9225fb51493e2b782b
  MBProgressHUD: c47f2c166c126cf2ce36498d80f33e754d4e93ad
  SwiftKeychain: 1387edad8b56c659daa93d9ffc99526bac5b0088

COCOAPODS: 0.39.0.beta.4
