PODS:
  - Alamofire (1.2.0)
  - MBProgressHUD (0.9.1)
  - SwiftKeychain (0.1.1)

DEPENDENCIES:
  - Alamofire
  - MBProgressHUD
  - SwiftKeychain

SPEC CHECKSUMS:
  Alamofire: d765c5c1713aa64106b0228aaa600a1e6851f68d
  MBProgressHUD: c47f2c166c126cf2ce36498d80f33e754d4e93ad
  SwiftKeychain: 4d20555e59d784efc8184276afa61323dee7d2b6

COCOAPODS: 0.36.0.beta.2
