// !$*UTF8*$!
{
	archiveVersion = 1;
	classes = {
	};
	objectVersion = 46;
	objects = {

/* Begin PBXBuildFile section */
		5105A11B1A761E4C004DF472 /* ResourcesList.swift in Sources */ = {isa = PBXBuildFile; fileRef = 5105A11A1A761E4C004DF472 /* ResourcesList.swift */; };
		5105A11D1A761E74004DF472 /* SitesList.swift in Sources */ = {isa = PBXBuildFile; fileRef = 5105A11C1A761E74004DF472 /* SitesList.swift */; };
		5105A11F1A761EE0004DF472 /* SiteSettings.swift in Sources */ = {isa = PBXBuildFile; fileRef = 5105A11E1A761EE0004DF472 /* SiteSettings.swift */; };
		5105A1211A761F47004DF472 /* SiteMain.swift in Sources */ = {isa = PBXBuildFile; fileRef = 5105A1201A761F47004DF472 /* SiteMain.swift */; };
		5105A1271A762123004DF472 /* Utils.swift in Sources */ = {isa = PBXBuildFile; fileRef = 5105A1261A762123004DF472 /* Utils.swift */; };
		510608AC1BA5453C008822C4 /* Alamofire.framework in Frameworks */ = {isa = PBXBuildFile; fileRef = 5106089A1BA54521008822C4 /* Alamofire.framework */; };
		510608AD1BA5453C008822C4 /* Alamofire.framework in Embed Frameworks */ = {isa = PBXBuildFile; fileRef = 5106089A1BA54521008822C4 /* Alamofire.framework */; settings = {ATTRIBUTES = (CodeSignOnCopy, RemoveHeadersOnCopy, ); }; };
		510608B01BA54541008822C4 /* MBProgressHUD.framework in Frameworks */ = {isa = PBXBuildFile; fileRef = 510608AB1BA54529008822C4 /* MBProgressHUD.framework */; };
		510608B11BA54541008822C4 /* MBProgressHUD.framework in Embed Frameworks */ = {isa = PBXBuildFile; fileRef = 510608AB1BA54529008822C4 /* MBProgressHUD.framework */; settings = {ATTRIBUTES = (CodeSignOnCopy, RemoveHeadersOnCopy, ); }; };
		510697A71AFCCF8B0062DA77 /* LockScreen.swift in Sources */ = {isa = PBXBuildFile; fileRef = 510697A61AFCCF8B0062DA77 /* LockScreen.swift */; };
		51079B271AFA544C0037A12F /* IAPManager.swift in Sources */ = {isa = PBXBuildFile; fileRef = 51079B261AFA544C0037A12F /* IAPManager.swift */; };
		511E800F1AB5AAE10018C6D9 /* DefaultLabelField.swift in Sources */ = {isa = PBXBuildFile; fileRef = 511E800E1AB5AAE10018C6D9 /* DefaultLabelField.swift */; };
		512914951AB0373800F0B010 /* DefaultTextView.swift in Sources */ = {isa = PBXBuildFile; fileRef = 512914941AB0373800F0B010 /* DefaultTextView.swift */; };
		513183711A4352C7002497F2 /* AppDelegate.swift in Sources */ = {isa = PBXBuildFile; fileRef = 5131836C1A4352C7002497F2 /* AppDelegate.swift */; };
		513183721A4352C7002497F2 /* DefaultView.swift in Sources */ = {isa = PBXBuildFile; fileRef = 5131836E1A4352C7002497F2 /* DefaultView.swift */; };
		5135C8E01A7CCF3600817A0C /* list.png in Resources */ = {isa = PBXBuildFile; fileRef = 5135C8DF1A7CCF3600817A0C /* list.png */; };
		5135C8E41A7D011E00817A0C /* Colors.swift in Sources */ = {isa = PBXBuildFile; fileRef = 5135C8E31A7D011E00817A0C /* Colors.swift */; };
		513965081A848B94008BD09E /* cogs.png in Resources */ = {isa = PBXBuildFile; fileRef = 513965041A848B94008BD09E /* cogs.png */; };
		513965091A848B94008BD09E /* columns.png in Resources */ = {isa = PBXBuildFile; fileRef = 513965051A848B94008BD09E /* columns.png */; };
		5139650A1A848B94008BD09E /* list-alt.png in Resources */ = {isa = PBXBuildFile; fileRef = 513965061A848B94008BD09E /* list-alt.png */; };
		5139650B1A848B94008BD09E /* th-large.png in Resources */ = {isa = PBXBuildFile; fileRef = 513965071A848B94008BD09E /* th-large.png */; };
		5139650D1A848C0D008BD09E /* share-left.png in Resources */ = {isa = PBXBuildFile; fileRef = 5139650C1A848C0D008BD09E /* share-left.png */; };
		513965101A848CA9008BD09E /* ElementsList.swift in Sources */ = {isa = PBXBuildFile; fileRef = 5139650F1A848CA9008BD09E /* ElementsList.swift */; };
		513965121A848CD5008BD09E /* ElementCell.swift in Sources */ = {isa = PBXBuildFile; fileRef = 513965111A848CD5008BD09E /* ElementCell.swift */; };
		513965151A848CED008BD09E /* Console.swift in Sources */ = {isa = PBXBuildFile; fileRef = 513965131A848CED008BD09E /* Console.swift */; };
		513965161A848CED008BD09E /* Console.xib in Resources */ = {isa = PBXBuildFile; fileRef = 513965141A848CED008BD09E /* Console.xib */; };
		5142A1D41AA9ED8100F243F8 /* ElementPanel.swift in Sources */ = {isa = PBXBuildFile; fileRef = 5142A1D31AA9ED8100F243F8 /* ElementPanel.swift */; };
		5143CF271BA53F21009A2B6F /* ArchiveKey.swift in Sources */ = {isa = PBXBuildFile; fileRef = 5143CF211BA53F21009A2B6F /* ArchiveKey.swift */; settings = {ASSET_TAGS = (); }; };
		5143CF281BA53F21009A2B6F /* GenericKey.swift in Sources */ = {isa = PBXBuildFile; fileRef = 5143CF221BA53F21009A2B6F /* GenericKey.swift */; settings = {ASSET_TAGS = (); }; };
		5143CF291BA53F21009A2B6F /* Keychain.swift in Sources */ = {isa = PBXBuildFile; fileRef = 5143CF231BA53F21009A2B6F /* Keychain.swift */; settings = {ASSET_TAGS = (); }; };
		5143CF2A1BA53F21009A2B6F /* KeychainItem.swift in Sources */ = {isa = PBXBuildFile; fileRef = 5143CF241BA53F21009A2B6F /* KeychainItem.swift */; settings = {ASSET_TAGS = (); }; };
		5143CF2B1BA53F21009A2B6F /* KeychainQuery.swift in Sources */ = {isa = PBXBuildFile; fileRef = 5143CF251BA53F21009A2B6F /* KeychainQuery.swift */; settings = {ASSET_TAGS = (); }; };
		5143CF2C1BA53F21009A2B6F /* KeychainService.swift in Sources */ = {isa = PBXBuildFile; fileRef = 5143CF261BA53F21009A2B6F /* KeychainService.swift */; settings = {ASSET_TAGS = (); }; };
		5143CF2E1BA53F66009A2B6F /* Security.framework in Frameworks */ = {isa = PBXBuildFile; fileRef = 5143CF2D1BA53F66009A2B6F /* Security.framework */; };
		515061151A7657DE00019287 /* desktop.png in Resources */ = {isa = PBXBuildFile; fileRef = 515061121A7657DE00019287 /* desktop.png */; };
		515061161A7657DE00019287 /* file.png in Resources */ = {isa = PBXBuildFile; fileRef = 515061131A7657DE00019287 /* file.png */; };
		515061171A7657DE00019287 /* folder.png in Resources */ = {isa = PBXBuildFile; fileRef = 515061141A7657DE00019287 /* folder.png */; };
		515061191A765CEF00019287 /* DefaultButton.swift in Sources */ = {isa = PBXBuildFile; fileRef = 515061181A765CEF00019287 /* DefaultButton.swift */; };
		5150611B1A78D97700019287 /* globe.png in Resources */ = {isa = PBXBuildFile; fileRef = 5150611A1A78D97700019287 /* globe.png */; };
		5151127C1A7A0A01004F8C18 /* edit.png in Resources */ = {isa = PBXBuildFile; fileRef = 515112791A7A0A01004F8C18 /* edit.png */; };
		5151127D1A7A0A01004F8C18 /* power-off.png in Resources */ = {isa = PBXBuildFile; fileRef = 5151127A1A7A0A01004F8C18 /* power-off.png */; };
		5151127E1A7A0A01004F8C18 /* trash.png in Resources */ = {isa = PBXBuildFile; fileRef = 5151127B1A7A0A01004F8C18 /* trash.png */; };
		51589AB91A44058700146AB1 /* Regex.swift in Sources */ = {isa = PBXBuildFile; fileRef = 51589AB81A44058700146AB1 /* Regex.swift */; };
		5163F4961A9EFB0C00430861 /* FilePanel.swift in Sources */ = {isa = PBXBuildFile; fileRef = 5163F4951A9EFB0C00430861 /* FilePanel.swift */; };
		5175A5FF1B0B4D4200E9E0D6 /* InfoView.swift in Sources */ = {isa = PBXBuildFile; fileRef = 5175A5FE1B0B4D4200E9E0D6 /* InfoView.swift */; };
		518421081A7F6D3200323E67 /* ResourceCell.swift in Sources */ = {isa = PBXBuildFile; fileRef = 518421071A7F6D3200323E67 /* ResourceCell.swift */; };
		5184210A1A7FBCA000323E67 /* share.png in Resources */ = {isa = PBXBuildFile; fileRef = 518421091A7FBCA000323E67 /* share.png */; };
		5185F0BF1A4171F9008B42A1 /* Images.xcassets in Resources */ = {isa = PBXBuildFile; fileRef = 5185F0BE1A4171F9008B42A1 /* Images.xcassets */; };
		51885C0C1AC2644B00CD5D65 /* ResourceSettingsPanel.swift in Sources */ = {isa = PBXBuildFile; fileRef = 51885C0B1AC2644B00CD5D65 /* ResourceSettingsPanel.swift */; };
		519649091ADBFA770027BFF0 /* PopupWindow.swift in Sources */ = {isa = PBXBuildFile; fileRef = 519649081ADBFA770027BFF0 /* PopupWindow.swift */; };
		51A45C8D1A822B3E003A5C44 /* FilesList.swift in Sources */ = {isa = PBXBuildFile; fileRef = 51A45C8C1A822B3E003A5C44 /* FilesList.swift */; };
		51A45C8F1A822CCD003A5C44 /* FileCell.swift in Sources */ = {isa = PBXBuildFile; fileRef = 51A45C8E1A822CCD003A5C44 /* FileCell.swift */; };
		51A45C911A822EDC003A5C44 /* SiteCell.swift in Sources */ = {isa = PBXBuildFile; fileRef = 51A45C901A822EDC003A5C44 /* SiteCell.swift */; };
		51A45C931A825B98003A5C44 /* hdd.png in Resources */ = {isa = PBXBuildFile; fileRef = 51A45C921A825B98003A5C44 /* hdd.png */; };
		51A45C951A82C203003A5C44 /* lock.png in Resources */ = {isa = PBXBuildFile; fileRef = 51A45C941A82C203003A5C44 /* lock.png */; };
		51A45C971A82C413003A5C44 /* file-o.png in Resources */ = {isa = PBXBuildFile; fileRef = 51A45C961A82C413003A5C44 /* file-o.png */; };
		51A45C991A82C5D3003A5C44 /* file-image.png in Resources */ = {isa = PBXBuildFile; fileRef = 51A45C981A82C5D3003A5C44 /* file-image.png */; };
		51A45C9B1A82C77F003A5C44 /* file-text.png in Resources */ = {isa = PBXBuildFile; fileRef = 51A45C9A1A82C77F003A5C44 /* file-text.png */; };
		51A561DB1AB310720007B28B /* Info.plist in Resources */ = {isa = PBXBuildFile; fileRef = 51A561CD1AB310720007B28B /* Info.plist */; };
		51A561DC1AB310720007B28B /* JLColorTheme.swift in Sources */ = {isa = PBXBuildFile; fileRef = 51A561CE1AB310720007B28B /* JLColorTheme.swift */; };
		51A561DD1AB310720007B28B /* JLDocumentScope.swift in Sources */ = {isa = PBXBuildFile; fileRef = 51A561CF1AB310720007B28B /* JLDocumentScope.swift */; };
		51A561DE1AB310720007B28B /* JLKeywordScope.swift in Sources */ = {isa = PBXBuildFile; fileRef = 51A561D01AB310720007B28B /* JLKeywordScope.swift */; };
		51A561DF1AB310720007B28B /* JLLanguage.swift in Sources */ = {isa = PBXBuildFile; fileRef = 51A561D11AB310720007B28B /* JLLanguage.swift */; };
		51A561E01AB310720007B28B /* JLNestedScope.swift in Sources */ = {isa = PBXBuildFile; fileRef = 51A561D21AB310720007B28B /* JLNestedScope.swift */; };
		51A561E11AB310720007B28B /* JLRegexScope.swift in Sources */ = {isa = PBXBuildFile; fileRef = 51A561D31AB310720007B28B /* JLRegexScope.swift */; };
		51A561E21AB310720007B28B /* JLScope.swift in Sources */ = {isa = PBXBuildFile; fileRef = 51A561D41AB310720007B28B /* JLScope.swift */; };
		51A561E31AB310720007B28B /* JLTextStorage.swift in Sources */ = {isa = PBXBuildFile; fileRef = 51A561D51AB310720007B28B /* JLTextStorage.swift */; };
		51A561E41AB310720007B28B /* JLTextView.swift in Sources */ = {isa = PBXBuildFile; fileRef = 51A561D61AB310720007B28B /* JLTextView.swift */; };
		51A561E51AB310720007B28B /* JLTextViewController.swift in Sources */ = {isa = PBXBuildFile; fileRef = 51A561D71AB310720007B28B /* JLTextViewController.swift */; };
		51A561E61AB310720007B28B /* JLTokenizingScope.swift in Sources */ = {isa = PBXBuildFile; fileRef = 51A561D81AB310720007B28B /* JLTokenizingScope.swift */; };
		51A561E71AB310720007B28B /* JLTokenType.swift in Sources */ = {isa = PBXBuildFile; fileRef = 51A561D91AB310720007B28B /* JLTokenType.swift */; };
		51A561E81AB310720007B28B /* NSIndexSet+Additions.swift in Sources */ = {isa = PBXBuildFile; fileRef = 51A561DA1AB310720007B28B /* NSIndexSet+Additions.swift */; };
		51A561EC1AB318FC0007B28B /* DefaultCodeView.swift in Sources */ = {isa = PBXBuildFile; fileRef = 51A561EB1AB318FC0007B28B /* DefaultCodeView.swift */; };
		51A9B2B81A81038D008DEAD8 /* file-code.png in Resources */ = {isa = PBXBuildFile; fileRef = 51A9B2B71A81038D008DEAD8 /* file-code.png */; };
		51A9B2BA1A8103E8008DEAD8 /* bug.png in Resources */ = {isa = PBXBuildFile; fileRef = 51A9B2B91A8103E8008DEAD8 /* bug.png */; };
		51B127421A4A885600603921 /* Main.storyboard in Resources */ = {isa = PBXBuildFile; fileRef = 51B127441A4A885600603921 /* Main.storyboard */; };
		51B1274B1A4A9E2800603921 /* DefaultTextField.swift in Sources */ = {isa = PBXBuildFile; fileRef = 51B1274A1A4A9E2800603921 /* DefaultTextField.swift */; };
		51CA38C61AAEB38F00315059 /* FormBaseCell.swift in Sources */ = {isa = PBXBuildFile; fileRef = 51CA38B21AAEB38F00315059 /* FormBaseCell.swift */; };
		51CA38C71AAEB38F00315059 /* FormTitleCell.swift in Sources */ = {isa = PBXBuildFile; fileRef = 51CA38B31AAEB38F00315059 /* FormTitleCell.swift */; };
		51CA38C81AAEB38F00315059 /* FormValueCell.swift in Sources */ = {isa = PBXBuildFile; fileRef = 51CA38B41AAEB38F00315059 /* FormValueCell.swift */; };
		51CA38C91AAEB38F00315059 /* FormButtonCell.swift in Sources */ = {isa = PBXBuildFile; fileRef = 51CA38B51AAEB38F00315059 /* FormButtonCell.swift */; };
		51CA38CA1AAEB38F00315059 /* FormCheckCell.swift in Sources */ = {isa = PBXBuildFile; fileRef = 51CA38B61AAEB38F00315059 /* FormCheckCell.swift */; };
		51CA38CB1AAEB38F00315059 /* FormDateCell.swift in Sources */ = {isa = PBXBuildFile; fileRef = 51CA38B71AAEB38F00315059 /* FormDateCell.swift */; };
		51CA38CC1AAEB38F00315059 /* FormPickerCell.swift in Sources */ = {isa = PBXBuildFile; fileRef = 51CA38B81AAEB38F00315059 /* FormPickerCell.swift */; };
		51CA38CD1AAEB38F00315059 /* FormSegmentedControlCell.swift in Sources */ = {isa = PBXBuildFile; fileRef = 51CA38B91AAEB38F00315059 /* FormSegmentedControlCell.swift */; };
		51CA38CE1AAEB38F00315059 /* FormSelectorCell.swift in Sources */ = {isa = PBXBuildFile; fileRef = 51CA38BA1AAEB38F00315059 /* FormSelectorCell.swift */; };
		51CA38CF1AAEB38F00315059 /* FormSwitchCell.swift in Sources */ = {isa = PBXBuildFile; fileRef = 51CA38BB1AAEB38F00315059 /* FormSwitchCell.swift */; };
		51CA38D01AAEB38F00315059 /* FormTextFieldCell.swift in Sources */ = {isa = PBXBuildFile; fileRef = 51CA38BC1AAEB38F00315059 /* FormTextFieldCell.swift */; };
		51CA38D11AAEB38F00315059 /* FormTextViewCell.swift in Sources */ = {isa = PBXBuildFile; fileRef = 51CA38BD1AAEB38F00315059 /* FormTextViewCell.swift */; };
		51CA38D21AAEB38F00315059 /* FormOptionsSelectorController.swift in Sources */ = {isa = PBXBuildFile; fileRef = 51CA38BF1AAEB38F00315059 /* FormOptionsSelectorController.swift */; };
		51CA38D31AAEB38F00315059 /* FormSelector.swift in Sources */ = {isa = PBXBuildFile; fileRef = 51CA38C01AAEB38F00315059 /* FormSelector.swift */; };
		51CA38D41AAEB38F00315059 /* FormViewController.swift in Sources */ = {isa = PBXBuildFile; fileRef = 51CA38C11AAEB38F00315059 /* FormViewController.swift */; };
		51CA38D51AAEB38F00315059 /* FormDescriptor.swift in Sources */ = {isa = PBXBuildFile; fileRef = 51CA38C31AAEB38F00315059 /* FormDescriptor.swift */; };
		51CA38D61AAEB38F00315059 /* FormRowDescriptor.swift in Sources */ = {isa = PBXBuildFile; fileRef = 51CA38C41AAEB38F00315059 /* FormRowDescriptor.swift */; };
		51CA38D71AAEB38F00315059 /* FormSectionDescriptor.swift in Sources */ = {isa = PBXBuildFile; fileRef = 51CA38C51AAEB38F00315059 /* FormSectionDescriptor.swift */; };
		51CA38D91AAEC32600315059 /* DefaultForm.swift in Sources */ = {isa = PBXBuildFile; fileRef = 51CA38D81AAEC32600315059 /* DefaultForm.swift */; };
		51D9DA531A4ADB570076C94A /* DefaultCell.swift in Sources */ = {isa = PBXBuildFile; fileRef = 51D9DA521A4ADB570076C94A /* DefaultCell.swift */; };
		51DFC7741BA5773200D7F3C5 /* SettingsList.swift in Sources */ = {isa = PBXBuildFile; fileRef = 51DFC7731BA5773200D7F3C5 /* SettingsList.swift */; settings = {ASSET_TAGS = (); }; };
		51E94EB91ABFD4FD00B071ED /* ResourceTabPanel.swift in Sources */ = {isa = PBXBuildFile; fileRef = 51E94EB81ABFD4FD00B071ED /* ResourceTabPanel.swift */; };
		51E94EBD1ABFD6D700B071ED /* ResourceMainPanel.swift in Sources */ = {isa = PBXBuildFile; fileRef = 51E94EBC1ABFD6D700B071ED /* ResourceMainPanel.swift */; };
		51E94EBF1ABFD6EB00B071ED /* ResourceTVsPanel.swift in Sources */ = {isa = PBXBuildFile; fileRef = 51E94EBE1ABFD6EB00B071ED /* ResourceTVsPanel.swift */; };
		51EA6CCA1A7E2ACE00E00280 /* ErrorLog.swift in Sources */ = {isa = PBXBuildFile; fileRef = 51EA6CC91A7E2ACE00E00280 /* ErrorLog.swift */; };
		51EA6CCC1A7E32CB00E00280 /* ManagerLog.swift in Sources */ = {isa = PBXBuildFile; fileRef = 51EA6CCB1A7E32CB00E00280 /* ManagerLog.swift */; };
		51EA6CCE1A7E589900E00280 /* ManagerLogCell.swift in Sources */ = {isa = PBXBuildFile; fileRef = 51EA6CCD1A7E589900E00280 /* ManagerLogCell.swift */; };
		79DBB23EFD273E08E48D333D /* files.png in Resources */ = {isa = PBXBuildFile; fileRef = 79DBB2877DB7C97B58D10058 /* files.png */; };
		79DBB2F337D989D3DBEE65CD /* FormRemoteSelectorController.swift in Sources */ = {isa = PBXBuildFile; fileRef = 79DBBA98C7B6674E83A12144 /* FormRemoteSelectorController.swift */; };
		79DBB4F8F1965803F2518A7D /* ResourceTemplateSelector.swift in Sources */ = {isa = PBXBuildFile; fileRef = 79DBBA09C8470BE82FC5BD60 /* ResourceTemplateSelector.swift */; };
		79DBB56221E4D6E5E379165F /* LaunchScreen.xib in Resources */ = {isa = PBXBuildFile; fileRef = 79DBBEA4339EFCBADB139782 /* LaunchScreen.xib */; };
		79DBB7423C20AEECA48BAA76 /* ResourceContentTypeSelector.swift in Sources */ = {isa = PBXBuildFile; fileRef = 79DBBAB8D1642F698D4953BE /* ResourceContentTypeSelector.swift */; };
		79DBB79B66B7294DDB53E921 /* FormTextCodeCell.swift in Sources */ = {isa = PBXBuildFile; fileRef = 79DBB264ECBDB5BBA83BA5A9 /* FormTextCodeCell.swift */; };
		79DBBA3685F883DA57DE8DBA /* link.png in Resources */ = {isa = PBXBuildFile; fileRef = 79DBB467A12633434B11128C /* link.png */; };
		79DBBBB486F5D66212B3FDD5 /* DefaultTable.swift in Sources */ = {isa = PBXBuildFile; fileRef = 79DBBB9BAC43706F0D047798 /* DefaultTable.swift */; };
		79DBBD62A5A8089556E4312B /* FormImageCell.swift in Sources */ = {isa = PBXBuildFile; fileRef = 79DBBEBB688E34FFC94090CC /* FormImageCell.swift */; };
		79DBBE9A03AFC9CB3D732753 /* ResourceParentSelector.swift in Sources */ = {isa = PBXBuildFile; fileRef = 79DBBFB7E17A7C58ACBC5227 /* ResourceParentSelector.swift */; };
/* End PBXBuildFile section */

/* Begin PBXContainerItemProxy section */
		510608991BA54521008822C4 /* PBXContainerItemProxy */ = {
			isa = PBXContainerItemProxy;
			containerPortal = 510608911BA54521008822C4 /* Alamofire.xcodeproj */;
			proxyType = 2;
			remoteGlobalIDString = F8111E3319A95C8B0040E7D1;
			remoteInfo = "Alamofire iOS";
		};
		5106089B1BA54521008822C4 /* PBXContainerItemProxy */ = {
			isa = PBXContainerItemProxy;
			containerPortal = 510608911BA54521008822C4 /* Alamofire.xcodeproj */;
			proxyType = 2;
			remoteGlobalIDString = 4DD67C0B1A5C55C900ED2280;
			remoteInfo = "Alamofire OSX";
		};
		5106089D1BA54521008822C4 /* PBXContainerItemProxy */ = {
			isa = PBXContainerItemProxy;
			containerPortal = 510608911BA54521008822C4 /* Alamofire.xcodeproj */;
			proxyType = 2;
			remoteGlobalIDString = E4202FE01B667AA100C997FB;
			remoteInfo = "Alamofire watchOS";
		};
		5106089F1BA54521008822C4 /* PBXContainerItemProxy */ = {
			isa = PBXContainerItemProxy;
			containerPortal = 510608911BA54521008822C4 /* Alamofire.xcodeproj */;
			proxyType = 2;
			remoteGlobalIDString = F8111E3E19A95C8B0040E7D1;
			remoteInfo = "Alamofire iOS Tests";
		};
		510608A11BA54521008822C4 /* PBXContainerItemProxy */ = {
			isa = PBXContainerItemProxy;
			containerPortal = 510608911BA54521008822C4 /* Alamofire.xcodeproj */;
			proxyType = 2;
			remoteGlobalIDString = F829C6B21A7A94F100A2CD59;
			remoteInfo = "Alamofire OSX Tests";
		};
		510608A81BA54529008822C4 /* PBXContainerItemProxy */ = {
			isa = PBXContainerItemProxy;
			containerPortal = 510608A31BA54529008822C4 /* MBProgressHUD.xcodeproj */;
			proxyType = 2;
			remoteGlobalIDString = D286A7491518C70F00E13FB8;
			remoteInfo = "MBProgressHUD Static Library";
		};
		510608AA1BA54529008822C4 /* PBXContainerItemProxy */ = {
			isa = PBXContainerItemProxy;
			containerPortal = 510608A31BA54529008822C4 /* MBProgressHUD.xcodeproj */;
			proxyType = 2;
			remoteGlobalIDString = 1D104D7A1ACA36CC00973364;
			remoteInfo = "MBProgressHUD Framework";
		};
		510608AE1BA5453C008822C4 /* PBXContainerItemProxy */ = {
			isa = PBXContainerItemProxy;
			containerPortal = 510608911BA54521008822C4 /* Alamofire.xcodeproj */;
			proxyType = 1;
			remoteGlobalIDString = F8111E3219A95C8B0040E7D1;
			remoteInfo = "Alamofire iOS";
		};
		510608B21BA54542008822C4 /* PBXContainerItemProxy */ = {
			isa = PBXContainerItemProxy;
			containerPortal = 510608A31BA54529008822C4 /* MBProgressHUD.xcodeproj */;
			proxyType = 1;
			remoteGlobalIDString = 1D104D791ACA36CC00973364;
			remoteInfo = "MBProgressHUD Framework";
		};
/* End PBXContainerItemProxy section */

/* Begin PBXCopyFilesBuildPhase section */
		5143CEFA1BA53D28009A2B6F /* Embed Frameworks */ = {
			isa = PBXCopyFilesBuildPhase;
			buildActionMask = 2147483647;
			dstPath = "";
			dstSubfolderSpec = 10;
			files = (
				510608B11BA54541008822C4 /* MBProgressHUD.framework in Embed Frameworks */,
				510608AD1BA5453C008822C4 /* Alamofire.framework in Embed Frameworks */,
			);
			name = "Embed Frameworks";
			runOnlyForDeploymentPostprocessing = 0;
		};
/* End PBXCopyFilesBuildPhase section */

/* Begin PBXFileReference section */
		5105A11A1A761E4C004DF472 /* ResourcesList.swift */ = {isa = PBXFileReference; fileEncoding = 4; lastKnownFileType = sourcecode.swift; name = ResourcesList.swift; path = Resource/ResourcesList.swift; sourceTree = "<group>"; };
		5105A11C1A761E74004DF472 /* SitesList.swift */ = {isa = PBXFileReference; fileEncoding = 4; lastKnownFileType = sourcecode.swift; name = SitesList.swift; path = Site/SitesList.swift; sourceTree = "<group>"; };
		5105A11E1A761EE0004DF472 /* SiteSettings.swift */ = {isa = PBXFileReference; fileEncoding = 4; lastKnownFileType = sourcecode.swift; name = SiteSettings.swift; path = Site/SiteSettings.swift; sourceTree = "<group>"; };
		5105A1201A761F47004DF472 /* SiteMain.swift */ = {isa = PBXFileReference; fileEncoding = 4; lastKnownFileType = sourcecode.swift; name = SiteMain.swift; path = Site/SiteMain.swift; sourceTree = "<group>"; };
		5105A1261A762123004DF472 /* Utils.swift */ = {isa = PBXFileReference; fileEncoding = 4; lastKnownFileType = sourcecode.swift; name = Utils.swift; path = "Supporting Files/Utils.swift"; sourceTree = "<group>"; };
		510608911BA54521008822C4 /* Alamofire.xcodeproj */ = {isa = PBXFileReference; lastKnownFileType = "wrapper.pb-project"; name = Alamofire.xcodeproj; path = SubModules/Alamofire/Alamofire.xcodeproj; sourceTree = "<group>"; };
		510608A31BA54529008822C4 /* MBProgressHUD.xcodeproj */ = {isa = PBXFileReference; lastKnownFileType = "wrapper.pb-project"; name = MBProgressHUD.xcodeproj; path = SubModules/MBProgressHUD/MBProgressHUD.xcodeproj; sourceTree = "<group>"; };
		510697A61AFCCF8B0062DA77 /* LockScreen.swift */ = {isa = PBXFileReference; fileEncoding = 4; lastKnownFileType = sourcecode.swift; name = LockScreen.swift; path = "Supporting Files/LockScreen.swift"; sourceTree = "<group>"; };
		51079B261AFA544C0037A12F /* IAPManager.swift */ = {isa = PBXFileReference; fileEncoding = 4; lastKnownFileType = sourcecode.swift; name = IAPManager.swift; path = "Supporting Files/IAPManager.swift"; sourceTree = "<group>"; };
		511E800E1AB5AAE10018C6D9 /* DefaultLabelField.swift */ = {isa = PBXFileReference; fileEncoding = 4; lastKnownFileType = sourcecode.swift; name = DefaultLabelField.swift; path = "Supporting Files/DefaultLabelField.swift"; sourceTree = "<group>"; };
		512914941AB0373800F0B010 /* DefaultTextView.swift */ = {isa = PBXFileReference; fileEncoding = 4; lastKnownFileType = sourcecode.swift; name = DefaultTextView.swift; path = "Supporting Files/DefaultTextView.swift"; sourceTree = "<group>"; };
		5131836C1A4352C7002497F2 /* AppDelegate.swift */ = {isa = PBXFileReference; fileEncoding = 4; lastKnownFileType = sourcecode.swift; name = AppDelegate.swift; path = "Supporting Files/AppDelegate.swift"; sourceTree = "<group>"; };
		5131836E1A4352C7002497F2 /* DefaultView.swift */ = {isa = PBXFileReference; fileEncoding = 4; lastKnownFileType = sourcecode.swift; name = DefaultView.swift; path = "Supporting Files/DefaultView.swift"; sourceTree = "<group>"; };
		5135C8DF1A7CCF3600817A0C /* list.png */ = {isa = PBXFileReference; lastKnownFileType = image.png; path = list.png; sourceTree = "<group>"; };
		5135C8E31A7D011E00817A0C /* Colors.swift */ = {isa = PBXFileReference; fileEncoding = 4; lastKnownFileType = sourcecode.swift; name = Colors.swift; path = "Supporting Files/Colors.swift"; sourceTree = "<group>"; };
		513965041A848B94008BD09E /* cogs.png */ = {isa = PBXFileReference; lastKnownFileType = image.png; path = cogs.png; sourceTree = "<group>"; };
		513965051A848B94008BD09E /* columns.png */ = {isa = PBXFileReference; lastKnownFileType = image.png; path = columns.png; sourceTree = "<group>"; };
		513965061A848B94008BD09E /* list-alt.png */ = {isa = PBXFileReference; lastKnownFileType = image.png; path = "list-alt.png"; sourceTree = "<group>"; };
		513965071A848B94008BD09E /* th-large.png */ = {isa = PBXFileReference; lastKnownFileType = image.png; path = "th-large.png"; sourceTree = "<group>"; };
		5139650C1A848C0D008BD09E /* share-left.png */ = {isa = PBXFileReference; lastKnownFileType = image.png; path = "share-left.png"; sourceTree = "<group>"; };
		5139650F1A848CA9008BD09E /* ElementsList.swift */ = {isa = PBXFileReference; fileEncoding = 4; lastKnownFileType = sourcecode.swift; name = ElementsList.swift; path = Element/ElementsList.swift; sourceTree = "<group>"; };
		513965111A848CD5008BD09E /* ElementCell.swift */ = {isa = PBXFileReference; fileEncoding = 4; lastKnownFileType = sourcecode.swift; name = ElementCell.swift; path = Element/ElementCell.swift; sourceTree = "<group>"; };
		513965131A848CED008BD09E /* Console.swift */ = {isa = PBXFileReference; fileEncoding = 4; lastKnownFileType = sourcecode.swift; name = Console.swift; path = "Supporting Files/Console.swift"; sourceTree = "<group>"; };
		513965141A848CED008BD09E /* Console.xib */ = {isa = PBXFileReference; fileEncoding = 4; lastKnownFileType = file.xib; name = Console.xib; path = "Supporting Files/Console.xib"; sourceTree = "<group>"; };
		5142A1D31AA9ED8100F243F8 /* ElementPanel.swift */ = {isa = PBXFileReference; fileEncoding = 4; lastKnownFileType = sourcecode.swift; name = ElementPanel.swift; path = Element/ElementPanel.swift; sourceTree = "<group>"; };
		5143CF211BA53F21009A2B6F /* ArchiveKey.swift */ = {isa = PBXFileReference; fileEncoding = 4; lastKnownFileType = sourcecode.swift; path = ArchiveKey.swift; sourceTree = "<group>"; };
		5143CF221BA53F21009A2B6F /* GenericKey.swift */ = {isa = PBXFileReference; fileEncoding = 4; lastKnownFileType = sourcecode.swift; path = GenericKey.swift; sourceTree = "<group>"; };
		5143CF231BA53F21009A2B6F /* Keychain.swift */ = {isa = PBXFileReference; fileEncoding = 4; lastKnownFileType = sourcecode.swift; path = Keychain.swift; sourceTree = "<group>"; };
		5143CF241BA53F21009A2B6F /* KeychainItem.swift */ = {isa = PBXFileReference; fileEncoding = 4; lastKnownFileType = sourcecode.swift; path = KeychainItem.swift; sourceTree = "<group>"; };
		5143CF251BA53F21009A2B6F /* KeychainQuery.swift */ = {isa = PBXFileReference; fileEncoding = 4; lastKnownFileType = sourcecode.swift; path = KeychainQuery.swift; sourceTree = "<group>"; };
		5143CF261BA53F21009A2B6F /* KeychainService.swift */ = {isa = PBXFileReference; fileEncoding = 4; lastKnownFileType = sourcecode.swift; path = KeychainService.swift; sourceTree = "<group>"; };
		5143CF2D1BA53F66009A2B6F /* Security.framework */ = {isa = PBXFileReference; lastKnownFileType = wrapper.framework; name = Security.framework; path = System/Library/Frameworks/Security.framework; sourceTree = SDKROOT; };
		515061121A7657DE00019287 /* desktop.png */ = {isa = PBXFileReference; lastKnownFileType = image.png; path = desktop.png; sourceTree = "<group>"; };
		515061131A7657DE00019287 /* file.png */ = {isa = PBXFileReference; lastKnownFileType = image.png; path = file.png; sourceTree = "<group>"; };
		515061141A7657DE00019287 /* folder.png */ = {isa = PBXFileReference; lastKnownFileType = image.png; path = folder.png; sourceTree = "<group>"; };
		515061181A765CEF00019287 /* DefaultButton.swift */ = {isa = PBXFileReference; fileEncoding = 4; lastKnownFileType = sourcecode.swift; name = DefaultButton.swift; path = "Supporting Files/DefaultButton.swift"; sourceTree = "<group>"; };
		5150611A1A78D97700019287 /* globe.png */ = {isa = PBXFileReference; lastKnownFileType = image.png; path = globe.png; sourceTree = "<group>"; };
		515112791A7A0A01004F8C18 /* edit.png */ = {isa = PBXFileReference; lastKnownFileType = image.png; path = edit.png; sourceTree = "<group>"; };
		5151127A1A7A0A01004F8C18 /* power-off.png */ = {isa = PBXFileReference; lastKnownFileType = image.png; path = "power-off.png"; sourceTree = "<group>"; };
		5151127B1A7A0A01004F8C18 /* trash.png */ = {isa = PBXFileReference; lastKnownFileType = image.png; path = trash.png; sourceTree = "<group>"; };
		51589AB81A44058700146AB1 /* Regex.swift */ = {isa = PBXFileReference; fileEncoding = 4; lastKnownFileType = sourcecode.swift; name = Regex.swift; path = "Supporting Files/Regex.swift"; sourceTree = "<group>"; };
		5163F4951A9EFB0C00430861 /* FilePanel.swift */ = {isa = PBXFileReference; fileEncoding = 4; lastKnownFileType = sourcecode.swift; name = FilePanel.swift; path = File/FilePanel.swift; sourceTree = "<group>"; };
		5175A5FE1B0B4D4200E9E0D6 /* InfoView.swift */ = {isa = PBXFileReference; fileEncoding = 4; lastKnownFileType = sourcecode.swift; name = InfoView.swift; path = Site/InfoView.swift; sourceTree = "<group>"; };
		5175A6011B0B67BD00E9E0D6 /* en */ = {isa = PBXFileReference; lastKnownFileType = text.plist.strings; name = en; path = en.lproj/Main.strings; sourceTree = "<group>"; };
		518421071A7F6D3200323E67 /* ResourceCell.swift */ = {isa = PBXFileReference; fileEncoding = 4; lastKnownFileType = sourcecode.swift; name = ResourceCell.swift; path = Resource/ResourceCell.swift; sourceTree = "<group>"; };
		518421091A7FBCA000323E67 /* share.png */ = {isa = PBXFileReference; lastKnownFileType = image.png; path = share.png; sourceTree = "<group>"; };
		5185F0BE1A4171F9008B42A1 /* Images.xcassets */ = {isa = PBXFileReference; lastKnownFileType = folder.assetcatalog; path = Images.xcassets; sourceTree = "<group>"; };
		51885C0B1AC2644B00CD5D65 /* ResourceSettingsPanel.swift */ = {isa = PBXFileReference; fileEncoding = 4; lastKnownFileType = sourcecode.swift; name = ResourceSettingsPanel.swift; path = Resource/ResourceSettingsPanel.swift; sourceTree = "<group>"; };
		519649081ADBFA770027BFF0 /* PopupWindow.swift */ = {isa = PBXFileReference; fileEncoding = 4; lastKnownFileType = sourcecode.swift; name = PopupWindow.swift; path = "Supporting Files/PopupWindow.swift"; sourceTree = "<group>"; };
		51A45C8C1A822B3E003A5C44 /* FilesList.swift */ = {isa = PBXFileReference; fileEncoding = 4; lastKnownFileType = sourcecode.swift; name = FilesList.swift; path = File/FilesList.swift; sourceTree = "<group>"; };
		51A45C8E1A822CCD003A5C44 /* FileCell.swift */ = {isa = PBXFileReference; fileEncoding = 4; lastKnownFileType = sourcecode.swift; name = FileCell.swift; path = File/FileCell.swift; sourceTree = "<group>"; };
		51A45C901A822EDC003A5C44 /* SiteCell.swift */ = {isa = PBXFileReference; fileEncoding = 4; lastKnownFileType = sourcecode.swift; name = SiteCell.swift; path = Site/SiteCell.swift; sourceTree = "<group>"; };
		51A45C921A825B98003A5C44 /* hdd.png */ = {isa = PBXFileReference; lastKnownFileType = image.png; path = hdd.png; sourceTree = "<group>"; };
		51A45C941A82C203003A5C44 /* lock.png */ = {isa = PBXFileReference; lastKnownFileType = image.png; path = lock.png; sourceTree = "<group>"; };
		51A45C961A82C413003A5C44 /* file-o.png */ = {isa = PBXFileReference; lastKnownFileType = image.png; path = "file-o.png"; sourceTree = "<group>"; };
		51A45C981A82C5D3003A5C44 /* file-image.png */ = {isa = PBXFileReference; lastKnownFileType = image.png; path = "file-image.png"; sourceTree = "<group>"; };
		51A45C9A1A82C77F003A5C44 /* file-text.png */ = {isa = PBXFileReference; lastKnownFileType = image.png; path = "file-text.png"; sourceTree = "<group>"; };
		51A561CC1AB310720007B28B /* Chromatism.h */ = {isa = PBXFileReference; fileEncoding = 4; lastKnownFileType = sourcecode.c.h; path = Chromatism.h; sourceTree = "<group>"; };
		51A561CD1AB310720007B28B /* Info.plist */ = {isa = PBXFileReference; fileEncoding = 4; lastKnownFileType = text.plist.xml; path = Info.plist; sourceTree = "<group>"; };
		51A561CE1AB310720007B28B /* JLColorTheme.swift */ = {isa = PBXFileReference; fileEncoding = 4; lastKnownFileType = sourcecode.swift; path = JLColorTheme.swift; sourceTree = "<group>"; };
		51A561CF1AB310720007B28B /* JLDocumentScope.swift */ = {isa = PBXFileReference; fileEncoding = 4; lastKnownFileType = sourcecode.swift; path = JLDocumentScope.swift; sourceTree = "<group>"; };
		51A561D01AB310720007B28B /* JLKeywordScope.swift */ = {isa = PBXFileReference; fileEncoding = 4; lastKnownFileType = sourcecode.swift; path = JLKeywordScope.swift; sourceTree = "<group>"; };
		51A561D11AB310720007B28B /* JLLanguage.swift */ = {isa = PBXFileReference; fileEncoding = 4; lastKnownFileType = sourcecode.swift; path = JLLanguage.swift; sourceTree = "<group>"; };
		51A561D21AB310720007B28B /* JLNestedScope.swift */ = {isa = PBXFileReference; fileEncoding = 4; lastKnownFileType = sourcecode.swift; path = JLNestedScope.swift; sourceTree = "<group>"; };
		51A561D31AB310720007B28B /* JLRegexScope.swift */ = {isa = PBXFileReference; fileEncoding = 4; lastKnownFileType = sourcecode.swift; path = JLRegexScope.swift; sourceTree = "<group>"; };
		51A561D41AB310720007B28B /* JLScope.swift */ = {isa = PBXFileReference; fileEncoding = 4; lastKnownFileType = sourcecode.swift; path = JLScope.swift; sourceTree = "<group>"; };
		51A561D51AB310720007B28B /* JLTextStorage.swift */ = {isa = PBXFileReference; fileEncoding = 4; lastKnownFileType = sourcecode.swift; path = JLTextStorage.swift; sourceTree = "<group>"; };
		51A561D61AB310720007B28B /* JLTextView.swift */ = {isa = PBXFileReference; fileEncoding = 4; lastKnownFileType = sourcecode.swift; path = JLTextView.swift; sourceTree = "<group>"; };
		51A561D71AB310720007B28B /* JLTextViewController.swift */ = {isa = PBXFileReference; fileEncoding = 4; lastKnownFileType = sourcecode.swift; path = JLTextViewController.swift; sourceTree = "<group>"; };
		51A561D81AB310720007B28B /* JLTokenizingScope.swift */ = {isa = PBXFileReference; fileEncoding = 4; lastKnownFileType = sourcecode.swift; path = JLTokenizingScope.swift; sourceTree = "<group>"; };
		51A561D91AB310720007B28B /* JLTokenType.swift */ = {isa = PBXFileReference; fileEncoding = 4; lastKnownFileType = sourcecode.swift; path = JLTokenType.swift; sourceTree = "<group>"; };
		51A561DA1AB310720007B28B /* NSIndexSet+Additions.swift */ = {isa = PBXFileReference; fileEncoding = 4; lastKnownFileType = sourcecode.swift; path = "NSIndexSet+Additions.swift"; sourceTree = "<group>"; };
		51A561EB1AB318FC0007B28B /* DefaultCodeView.swift */ = {isa = PBXFileReference; fileEncoding = 4; lastKnownFileType = sourcecode.swift; name = DefaultCodeView.swift; path = "Supporting Files/DefaultCodeView.swift"; sourceTree = "<group>"; };
		51A9B2B71A81038D008DEAD8 /* file-code.png */ = {isa = PBXFileReference; lastKnownFileType = image.png; path = "file-code.png"; sourceTree = "<group>"; };
		51A9B2B91A8103E8008DEAD8 /* bug.png */ = {isa = PBXFileReference; lastKnownFileType = image.png; path = bug.png; sourceTree = "<group>"; };
		51B127451A4A885C00603921 /* ru */ = {isa = PBXFileReference; lastKnownFileType = text.plist.strings; name = ru; path = ru.lproj/Main.strings; sourceTree = "<group>"; };
		51B127461A4A888000603921 /* Base */ = {isa = PBXFileReference; lastKnownFileType = file.storyboard; name = Base; path = Base.lproj/Main.storyboard; sourceTree = "<group>"; };
		51B1274A1A4A9E2800603921 /* DefaultTextField.swift */ = {isa = PBXFileReference; fileEncoding = 4; lastKnownFileType = sourcecode.swift; name = DefaultTextField.swift; path = "Supporting Files/DefaultTextField.swift"; sourceTree = "<group>"; };
		51CA38B21AAEB38F00315059 /* FormBaseCell.swift */ = {isa = PBXFileReference; fileEncoding = 4; lastKnownFileType = sourcecode.swift; path = FormBaseCell.swift; sourceTree = "<group>"; };
		51CA38B31AAEB38F00315059 /* FormTitleCell.swift */ = {isa = PBXFileReference; fileEncoding = 4; lastKnownFileType = sourcecode.swift; path = FormTitleCell.swift; sourceTree = "<group>"; };
		51CA38B41AAEB38F00315059 /* FormValueCell.swift */ = {isa = PBXFileReference; fileEncoding = 4; lastKnownFileType = sourcecode.swift; path = FormValueCell.swift; sourceTree = "<group>"; };
		51CA38B51AAEB38F00315059 /* FormButtonCell.swift */ = {isa = PBXFileReference; fileEncoding = 4; lastKnownFileType = sourcecode.swift; path = FormButtonCell.swift; sourceTree = "<group>"; };
		51CA38B61AAEB38F00315059 /* FormCheckCell.swift */ = {isa = PBXFileReference; fileEncoding = 4; lastKnownFileType = sourcecode.swift; path = FormCheckCell.swift; sourceTree = "<group>"; };
		51CA38B71AAEB38F00315059 /* FormDateCell.swift */ = {isa = PBXFileReference; fileEncoding = 4; lastKnownFileType = sourcecode.swift; path = FormDateCell.swift; sourceTree = "<group>"; };
		51CA38B81AAEB38F00315059 /* FormPickerCell.swift */ = {isa = PBXFileReference; fileEncoding = 4; lastKnownFileType = sourcecode.swift; path = FormPickerCell.swift; sourceTree = "<group>"; };
		51CA38B91AAEB38F00315059 /* FormSegmentedControlCell.swift */ = {isa = PBXFileReference; fileEncoding = 4; lastKnownFileType = sourcecode.swift; path = FormSegmentedControlCell.swift; sourceTree = "<group>"; };
		51CA38BA1AAEB38F00315059 /* FormSelectorCell.swift */ = {isa = PBXFileReference; fileEncoding = 4; lastKnownFileType = sourcecode.swift; path = FormSelectorCell.swift; sourceTree = "<group>"; };
		51CA38BB1AAEB38F00315059 /* FormSwitchCell.swift */ = {isa = PBXFileReference; fileEncoding = 4; lastKnownFileType = sourcecode.swift; path = FormSwitchCell.swift; sourceTree = "<group>"; };
		51CA38BC1AAEB38F00315059 /* FormTextFieldCell.swift */ = {isa = PBXFileReference; fileEncoding = 4; lastKnownFileType = sourcecode.swift; path = FormTextFieldCell.swift; sourceTree = "<group>"; };
		51CA38BD1AAEB38F00315059 /* FormTextViewCell.swift */ = {isa = PBXFileReference; fileEncoding = 4; lastKnownFileType = sourcecode.swift; path = FormTextViewCell.swift; sourceTree = "<group>"; };
		51CA38BF1AAEB38F00315059 /* FormOptionsSelectorController.swift */ = {isa = PBXFileReference; fileEncoding = 4; lastKnownFileType = sourcecode.swift; path = FormOptionsSelectorController.swift; sourceTree = "<group>"; };
		51CA38C01AAEB38F00315059 /* FormSelector.swift */ = {isa = PBXFileReference; fileEncoding = 4; lastKnownFileType = sourcecode.swift; path = FormSelector.swift; sourceTree = "<group>"; };
		51CA38C11AAEB38F00315059 /* FormViewController.swift */ = {isa = PBXFileReference; fileEncoding = 4; lastKnownFileType = sourcecode.swift; path = FormViewController.swift; sourceTree = "<group>"; };
		51CA38C31AAEB38F00315059 /* FormDescriptor.swift */ = {isa = PBXFileReference; fileEncoding = 4; lastKnownFileType = sourcecode.swift; path = FormDescriptor.swift; sourceTree = "<group>"; };
		51CA38C41AAEB38F00315059 /* FormRowDescriptor.swift */ = {isa = PBXFileReference; fileEncoding = 4; lastKnownFileType = sourcecode.swift; path = FormRowDescriptor.swift; sourceTree = "<group>"; };
		51CA38C51AAEB38F00315059 /* FormSectionDescriptor.swift */ = {isa = PBXFileReference; fileEncoding = 4; lastKnownFileType = sourcecode.swift; path = FormSectionDescriptor.swift; sourceTree = "<group>"; };
		51CA38D81AAEC32600315059 /* DefaultForm.swift */ = {isa = PBXFileReference; fileEncoding = 4; lastKnownFileType = sourcecode.swift; name = DefaultForm.swift; path = "Supporting Files/DefaultForm.swift"; sourceTree = "<group>"; };
		51D9DA521A4ADB570076C94A /* DefaultCell.swift */ = {isa = PBXFileReference; fileEncoding = 4; lastKnownFileType = sourcecode.swift; name = DefaultCell.swift; path = "Supporting Files/DefaultCell.swift"; sourceTree = "<group>"; };
		51DFC7731BA5773200D7F3C5 /* SettingsList.swift */ = {isa = PBXFileReference; fileEncoding = 4; lastKnownFileType = sourcecode.swift; path = SettingsList.swift; sourceTree = "<group>"; };
		51E94EB81ABFD4FD00B071ED /* ResourceTabPanel.swift */ = {isa = PBXFileReference; fileEncoding = 4; lastKnownFileType = sourcecode.swift; name = ResourceTabPanel.swift; path = Resource/ResourceTabPanel.swift; sourceTree = "<group>"; };
		51E94EBC1ABFD6D700B071ED /* ResourceMainPanel.swift */ = {isa = PBXFileReference; fileEncoding = 4; lastKnownFileType = sourcecode.swift; name = ResourceMainPanel.swift; path = Resource/ResourceMainPanel.swift; sourceTree = "<group>"; };
		51E94EBE1ABFD6EB00B071ED /* ResourceTVsPanel.swift */ = {isa = PBXFileReference; fileEncoding = 4; lastKnownFileType = sourcecode.swift; name = ResourceTVsPanel.swift; path = Resource/ResourceTVsPanel.swift; sourceTree = "<group>"; };
		51EA6CC91A7E2ACE00E00280 /* ErrorLog.swift */ = {isa = PBXFileReference; fileEncoding = 4; lastKnownFileType = sourcecode.swift; name = ErrorLog.swift; path = Site/ErrorLog.swift; sourceTree = "<group>"; };
		51EA6CCB1A7E32CB00E00280 /* ManagerLog.swift */ = {isa = PBXFileReference; fileEncoding = 4; lastKnownFileType = sourcecode.swift; name = ManagerLog.swift; path = Site/ManagerLog.swift; sourceTree = "<group>"; };
		51EA6CCD1A7E589900E00280 /* ManagerLogCell.swift */ = {isa = PBXFileReference; fileEncoding = 4; lastKnownFileType = sourcecode.swift; name = ManagerLogCell.swift; path = Site/ManagerLogCell.swift; sourceTree = "<group>"; };
		79DBB264ECBDB5BBA83BA5A9 /* FormTextCodeCell.swift */ = {isa = PBXFileReference; fileEncoding = 4; lastKnownFileType = sourcecode.swift; path = FormTextCodeCell.swift; sourceTree = "<group>"; };
		79DBB2877DB7C97B58D10058 /* files.png */ = {isa = PBXFileReference; lastKnownFileType = image.png; path = files.png; sourceTree = "<group>"; };
		79DBB467A12633434B11128C /* link.png */ = {isa = PBXFileReference; lastKnownFileType = image.png; path = link.png; sourceTree = "<group>"; };
		79DBB6DC577AB0EAE4714690 /* Base */ = {isa = PBXFileReference; lastKnownFileType = file.xib; name = Base; path = Base.lproj/LaunchScreen.xib; sourceTree = "<group>"; };
		79DBBA09C8470BE82FC5BD60 /* ResourceTemplateSelector.swift */ = {isa = PBXFileReference; fileEncoding = 4; lastKnownFileType = sourcecode.swift; name = ResourceTemplateSelector.swift; path = Resource/Combo/ResourceTemplateSelector.swift; sourceTree = "<group>"; };
		79DBBA98C7B6674E83A12144 /* FormRemoteSelectorController.swift */ = {isa = PBXFileReference; fileEncoding = 4; lastKnownFileType = sourcecode.swift; path = FormRemoteSelectorController.swift; sourceTree = "<group>"; };
		79DBBAB8D1642F698D4953BE /* ResourceContentTypeSelector.swift */ = {isa = PBXFileReference; fileEncoding = 4; lastKnownFileType = sourcecode.swift; name = ResourceContentTypeSelector.swift; path = Resource/Combo/ResourceContentTypeSelector.swift; sourceTree = "<group>"; };
		79DBBB9BAC43706F0D047798 /* DefaultTable.swift */ = {isa = PBXFileReference; fileEncoding = 4; lastKnownFileType = sourcecode.swift; name = DefaultTable.swift; path = "Supporting Files/DefaultTable.swift"; sourceTree = "<group>"; };
		79DBBD8563BB1E0F30AA0FDD /* mxManager.app */ = {isa = PBXFileReference; explicitFileType = wrapper.application; includeInIndex = 0; path = mxManager.app; sourceTree = BUILT_PRODUCTS_DIR; };
		79DBBEBB688E34FFC94090CC /* FormImageCell.swift */ = {isa = PBXFileReference; fileEncoding = 4; lastKnownFileType = sourcecode.swift; path = FormImageCell.swift; sourceTree = "<group>"; };
		79DBBFB7E17A7C58ACBC5227 /* ResourceParentSelector.swift */ = {isa = PBXFileReference; fileEncoding = 4; lastKnownFileType = sourcecode.swift; name = ResourceParentSelector.swift; path = Resource/Combo/ResourceParentSelector.swift; sourceTree = "<group>"; };
		79DBBFF4A9F9F9F4F0CF362E /* Info.plist */ = {isa = PBXFileReference; lastKnownFileType = text.plist.info; path = Info.plist; sourceTree = "<group>"; };
/* End PBXFileReference section */

/* Begin PBXFrameworksBuildPhase section */
		79DBB49018DC3F26832B3F90 /* Frameworks */ = {
			isa = PBXFrameworksBuildPhase;
			buildActionMask = 2147483647;
			files = (
				5143CF2E1BA53F66009A2B6F /* Security.framework in Frameworks */,
				510608AC1BA5453C008822C4 /* Alamofire.framework in Frameworks */,
				510608B01BA54541008822C4 /* MBProgressHUD.framework in Frameworks */,
			);
			runOnlyForDeploymentPostprocessing = 0;
		};
/* End PBXFrameworksBuildPhase section */

/* Begin PBXGroup section */
		5105A1141A761D06004DF472 /* Resource */ = {
			isa = PBXGroup;
			children = (
				5105A11A1A761E4C004DF472 /* ResourcesList.swift */,
				518421071A7F6D3200323E67 /* ResourceCell.swift */,
				51E94EB81ABFD4FD00B071ED /* ResourceTabPanel.swift */,
				51E94EBC1ABFD6D700B071ED /* ResourceMainPanel.swift */,
				51E94EBE1ABFD6EB00B071ED /* ResourceTVsPanel.swift */,
				51885C0B1AC2644B00CD5D65 /* ResourceSettingsPanel.swift */,
				79DBBC16AC60D2852571E2B5 /* Combo */,
			);
			name = Resource;
			sourceTree = "<group>";
		};
		5105A1191A761E33004DF472 /* Site */ = {
			isa = PBXGroup;
			children = (
				5105A11C1A761E74004DF472 /* SitesList.swift */,
				5105A11E1A761EE0004DF472 /* SiteSettings.swift */,
				5105A1201A761F47004DF472 /* SiteMain.swift */,
				51EA6CC91A7E2ACE00E00280 /* ErrorLog.swift */,
				51EA6CCB1A7E32CB00E00280 /* ManagerLog.swift */,
				51EA6CCD1A7E589900E00280 /* ManagerLogCell.swift */,
				51A45C901A822EDC003A5C44 /* SiteCell.swift */,
				5175A5FE1B0B4D4200E9E0D6 /* InfoView.swift */,
			);
			name = Site;
			sourceTree = "<group>";
		};
		5105A12A1A762F00004DF472 /* Icons */ = {
			isa = PBXGroup;
			children = (
				515061121A7657DE00019287 /* desktop.png */,
				515061131A7657DE00019287 /* file.png */,
				51A45C961A82C413003A5C44 /* file-o.png */,
				51A45C981A82C5D3003A5C44 /* file-image.png */,
				51A45C9A1A82C77F003A5C44 /* file-text.png */,
				515061141A7657DE00019287 /* folder.png */,
				5150611A1A78D97700019287 /* globe.png */,
				515112791A7A0A01004F8C18 /* edit.png */,
				5151127A1A7A0A01004F8C18 /* power-off.png */,
				5151127B1A7A0A01004F8C18 /* trash.png */,
				5135C8DF1A7CCF3600817A0C /* list.png */,
				518421091A7FBCA000323E67 /* share.png */,
				51A9B2B71A81038D008DEAD8 /* file-code.png */,
				51A9B2B91A8103E8008DEAD8 /* bug.png */,
				51A45C921A825B98003A5C44 /* hdd.png */,
				51A45C941A82C203003A5C44 /* lock.png */,
				513965041A848B94008BD09E /* cogs.png */,
				513965051A848B94008BD09E /* columns.png */,
				513965061A848B94008BD09E /* list-alt.png */,
				513965071A848B94008BD09E /* th-large.png */,
				5139650C1A848C0D008BD09E /* share-left.png */,
				79DBB2877DB7C97B58D10058 /* files.png */,
				79DBB467A12633434B11128C /* link.png */,
			);
			path = Icons;
			sourceTree = "<group>";
		};
		510608921BA54521008822C4 /* Products */ = {
			isa = PBXGroup;
			children = (
				5106089A1BA54521008822C4 /* Alamofire.framework */,
				5106089C1BA54521008822C4 /* Alamofire.framework */,
				5106089E1BA54521008822C4 /* Alamofire.framework */,
				510608A01BA54521008822C4 /* Alamofire iOS Tests.xctest */,
				510608A21BA54521008822C4 /* Alamofire OSX Tests.xctest */,
			);
			name = Products;
			sourceTree = "<group>";
		};
		510608A41BA54529008822C4 /* Products */ = {
			isa = PBXGroup;
			children = (
				510608A91BA54529008822C4 /* libMBProgressHUD.a */,
				510608AB1BA54529008822C4 /* MBProgressHUD.framework */,
			);
			name = Products;
			sourceTree = "<group>";
		};
		513183621A435233002497F2 /* Supporting Files */ = {
			isa = PBXGroup;
			children = (
				5143CF201BA53F21009A2B6F /* SwiftKeychain */,
				51A561CB1AB310720007B28B /* Chromatism */,
				51CA38AF1AAEB38F00315059 /* SwiftForms */,
				5131836C1A4352C7002497F2 /* AppDelegate.swift */,
				79DBBEA4339EFCBADB139782 /* LaunchScreen.xib */,
				79DBBFF4A9F9F9F4F0CF362E /* Info.plist */,
				51589AB81A44058700146AB1 /* Regex.swift */,
				5105A1261A762123004DF472 /* Utils.swift */,
				5131836E1A4352C7002497F2 /* DefaultView.swift */,
				79DBBB9BAC43706F0D047798 /* DefaultTable.swift */,
				51D9DA521A4ADB570076C94A /* DefaultCell.swift */,
				515061181A765CEF00019287 /* DefaultButton.swift */,
				51B1274A1A4A9E2800603921 /* DefaultTextField.swift */,
				5135C8E31A7D011E00817A0C /* Colors.swift */,
				513965131A848CED008BD09E /* Console.swift */,
				513965141A848CED008BD09E /* Console.xib */,
				51CA38D81AAEC32600315059 /* DefaultForm.swift */,
				512914941AB0373800F0B010 /* DefaultTextView.swift */,
				51A561EB1AB318FC0007B28B /* DefaultCodeView.swift */,
				511E800E1AB5AAE10018C6D9 /* DefaultLabelField.swift */,
				519649081ADBFA770027BFF0 /* PopupWindow.swift */,
				51079B261AFA544C0037A12F /* IAPManager.swift */,
				510697A61AFCCF8B0062DA77 /* LockScreen.swift */,
			);
			name = "Supporting Files";
			sourceTree = "<group>";
		};
		5139650E1A848C77008BD09E /* Element */ = {
			isa = PBXGroup;
			children = (
				5139650F1A848CA9008BD09E /* ElementsList.swift */,
				513965111A848CD5008BD09E /* ElementCell.swift */,
				5142A1D31AA9ED8100F243F8 /* ElementPanel.swift */,
			);
			name = Element;
			sourceTree = "<group>";
		};
		5143CF201BA53F21009A2B6F /* SwiftKeychain */ = {
			isa = PBXGroup;
			children = (
				5143CF211BA53F21009A2B6F /* ArchiveKey.swift */,
				5143CF221BA53F21009A2B6F /* GenericKey.swift */,
				5143CF231BA53F21009A2B6F /* Keychain.swift */,
				5143CF241BA53F21009A2B6F /* KeychainItem.swift */,
				5143CF251BA53F21009A2B6F /* KeychainQuery.swift */,
				5143CF261BA53F21009A2B6F /* KeychainService.swift */,
			);
			name = SwiftKeychain;
			path = "Supporting Files/SwiftKeychain";
			sourceTree = "<group>";
		};
		51A45C8B1A822A84003A5C44 /* File */ = {
			isa = PBXGroup;
			children = (
				51A45C8C1A822B3E003A5C44 /* FilesList.swift */,
				51A45C8E1A822CCD003A5C44 /* FileCell.swift */,
				5163F4951A9EFB0C00430861 /* FilePanel.swift */,
			);
			name = File;
			sourceTree = "<group>";
		};
		51A561CB1AB310720007B28B /* Chromatism */ = {
			isa = PBXGroup;
			children = (
				51A561CC1AB310720007B28B /* Chromatism.h */,
				51A561CD1AB310720007B28B /* Info.plist */,
				51A561CE1AB310720007B28B /* JLColorTheme.swift */,
				51A561CF1AB310720007B28B /* JLDocumentScope.swift */,
				51A561D01AB310720007B28B /* JLKeywordScope.swift */,
				51A561D11AB310720007B28B /* JLLanguage.swift */,
				51A561D21AB310720007B28B /* JLNestedScope.swift */,
				51A561D31AB310720007B28B /* JLRegexScope.swift */,
				51A561D41AB310720007B28B /* JLScope.swift */,
				51A561D51AB310720007B28B /* JLTextStorage.swift */,
				51A561D61AB310720007B28B /* JLTextView.swift */,
				51A561D71AB310720007B28B /* JLTextViewController.swift */,
				51A561D81AB310720007B28B /* JLTokenizingScope.swift */,
				51A561D91AB310720007B28B /* JLTokenType.swift */,
				51A561DA1AB310720007B28B /* NSIndexSet+Additions.swift */,
			);
			name = Chromatism;
			path = "Supporting Files/Chromatism";
			sourceTree = "<group>";
		};
		51CA38AF1AAEB38F00315059 /* SwiftForms */ = {
			isa = PBXGroup;
			children = (
				51CA38B01AAEB38F00315059 /* cells */,
				51CA38BE1AAEB38F00315059 /* controllers */,
				51CA38C21AAEB38F00315059 /* descriptors */,
			);
			name = SwiftForms;
			path = "Supporting Files/SwiftForms";
			sourceTree = "<group>";
		};
		51CA38B01AAEB38F00315059 /* cells */ = {
			isa = PBXGroup;
			children = (
				51CA38B11AAEB38F00315059 /* base */,
				51CA38B51AAEB38F00315059 /* FormButtonCell.swift */,
				51CA38B61AAEB38F00315059 /* FormCheckCell.swift */,
				51CA38B71AAEB38F00315059 /* FormDateCell.swift */,
				51CA38B81AAEB38F00315059 /* FormPickerCell.swift */,
				51CA38B91AAEB38F00315059 /* FormSegmentedControlCell.swift */,
				51CA38BA1AAEB38F00315059 /* FormSelectorCell.swift */,
				51CA38BB1AAEB38F00315059 /* FormSwitchCell.swift */,
				51CA38BC1AAEB38F00315059 /* FormTextFieldCell.swift */,
				51CA38BD1AAEB38F00315059 /* FormTextViewCell.swift */,
				79DBB264ECBDB5BBA83BA5A9 /* FormTextCodeCell.swift */,
				79DBBEBB688E34FFC94090CC /* FormImageCell.swift */,
			);
			path = cells;
			sourceTree = "<group>";
		};
		51CA38B11AAEB38F00315059 /* base */ = {
			isa = PBXGroup;
			children = (
				51CA38B21AAEB38F00315059 /* FormBaseCell.swift */,
				51CA38B31AAEB38F00315059 /* FormTitleCell.swift */,
				51CA38B41AAEB38F00315059 /* FormValueCell.swift */,
			);
			path = base;
			sourceTree = "<group>";
		};
		51CA38BE1AAEB38F00315059 /* controllers */ = {
			isa = PBXGroup;
			children = (
				51CA38BF1AAEB38F00315059 /* FormOptionsSelectorController.swift */,
				51CA38C01AAEB38F00315059 /* FormSelector.swift */,
				51CA38C11AAEB38F00315059 /* FormViewController.swift */,
				79DBBA98C7B6674E83A12144 /* FormRemoteSelectorController.swift */,
			);
			path = controllers;
			sourceTree = "<group>";
		};
		51CA38C21AAEB38F00315059 /* descriptors */ = {
			isa = PBXGroup;
			children = (
				51CA38C31AAEB38F00315059 /* FormDescriptor.swift */,
				51CA38C41AAEB38F00315059 /* FormRowDescriptor.swift */,
				51CA38C51AAEB38F00315059 /* FormSectionDescriptor.swift */,
			);
			path = descriptors;
			sourceTree = "<group>";
		};
		51DFC7721BA5773200D7F3C5 /* Settings */ = {
			isa = PBXGroup;
			children = (
				51DFC7731BA5773200D7F3C5 /* SettingsList.swift */,
			);
			path = Settings;
			sourceTree = "<group>";
		};
		79DBB3DD45F1C99DAD0DA534 = {
			isa = PBXGroup;
			children = (
				79DBBE6D5138814B5BD27111 /* mxManager */,
				79DBBE2BAE4421D2F059AA0B /* Products */,
				E53F8979F8E4A7ECB90E31C3 /* Frameworks */,
			);
			sourceTree = "<group>";
		};
		79DBBC16AC60D2852571E2B5 /* Combo */ = {
			isa = PBXGroup;
			children = (
				79DBBAB8D1642F698D4953BE /* ResourceContentTypeSelector.swift */,
				79DBBFB7E17A7C58ACBC5227 /* ResourceParentSelector.swift */,
				79DBBA09C8470BE82FC5BD60 /* ResourceTemplateSelector.swift */,
			);
			name = Combo;
			sourceTree = "<group>";
		};
		79DBBE2BAE4421D2F059AA0B /* Products */ = {
			isa = PBXGroup;
			children = (
				79DBBD8563BB1E0F30AA0FDD /* mxManager.app */,
			);
			name = Products;
			sourceTree = "<group>";
		};
		79DBBE6D5138814B5BD27111 /* mxManager */ = {
			isa = PBXGroup;
			children = (
				5105A1191A761E33004DF472 /* Site */,
				5105A1141A761D06004DF472 /* Resource */,
				5139650E1A848C77008BD09E /* Element */,
				51DFC7721BA5773200D7F3C5 /* Settings */,
				51A45C8B1A822A84003A5C44 /* File */,
				513183621A435233002497F2 /* Supporting Files */,
				5105A12A1A762F00004DF472 /* Icons */,
				51B127441A4A885600603921 /* Main.storyboard */,
				5185F0BE1A4171F9008B42A1 /* Images.xcassets */,
			);
			path = mxManager;
			sourceTree = "<group>";
		};
		E53F8979F8E4A7ECB90E31C3 /* Frameworks */ = {
			isa = PBXGroup;
			children = (
				510608911BA54521008822C4 /* Alamofire.xcodeproj */,
				510608A31BA54529008822C4 /* MBProgressHUD.xcodeproj */,
				5143CF2D1BA53F66009A2B6F /* Security.framework */,
			);
			name = Frameworks;
			sourceTree = "<group>";
		};
/* End PBXGroup section */

/* Begin PBXNativeTarget section */
		79DBB03F292ED24A84783304 /* mxManager */ = {
			isa = PBXNativeTarget;
			buildConfigurationList = 79DBB85988EADC5C76705A49 /* Build configuration list for PBXNativeTarget "mxManager" */;
			buildPhases = (
				79DBBC7ADF4909DBF00D9C40 /* Sources */,
				79DBB49018DC3F26832B3F90 /* Frameworks */,
				79DBBC3DCD35E9BF92E2F2E0 /* Resources */,
				5143CEFA1BA53D28009A2B6F /* Embed Frameworks */,
			);
			buildRules = (
			);
			dependencies = (
				510608AF1BA5453C008822C4 /* PBXTargetDependency */,
				510608B31BA54542008822C4 /* PBXTargetDependency */,
			);
			name = mxManager;
			productName = mxManager;
			productReference = 79DBBD8563BB1E0F30AA0FDD /* mxManager.app */;
			productType = "com.apple.product-type.application";
		};
/* End PBXNativeTarget section */

/* Begin PBXProject section */
		79DBBECE25ED04DEBE68F711 /* Project object */ = {
			isa = PBXProject;
			attributes = {
				LastSwiftMigration = 0700;
				LastSwiftUpdateCheck = 0700;
				LastUpgradeCheck = 0700;
				ORGANIZATIONNAME = bezumkin;
				TargetAttributes = {
					79DBB03F292ED24A84783304 = {
						DevelopmentTeam = QZ5SE7NEZX;
					};
				};
			};
			buildConfigurationList = 79DBB9F750CE322336CDEBDE /* Build configuration list for PBXProject "mxManager" */;
			compatibilityVersion = "Xcode 3.2";
			developmentRegion = English;
			hasScannedForEncodings = 0;
			knownRegions = (
				en,
				ru,
				Base,
			);
			mainGroup = 79DBB3DD45F1C99DAD0DA534;
			productRefGroup = 79DBBE2BAE4421D2F059AA0B /* Products */;
			projectDirPath = "";
			projectReferences = (
				{
					ProductGroup = 510608921BA54521008822C4 /* Products */;
					ProjectRef = 510608911BA54521008822C4 /* Alamofire.xcodeproj */;
				},
				{
					ProductGroup = 510608A41BA54529008822C4 /* Products */;
					ProjectRef = 510608A31BA54529008822C4 /* MBProgressHUD.xcodeproj */;
				},
			);
			projectRoot = "";
			targets = (
				79DBB03F292ED24A84783304 /* mxManager */,
			);
		};
/* End PBXProject section */

/* Begin PBXReferenceProxy section */
		5106089A1BA54521008822C4 /* Alamofire.framework */ = {
			isa = PBXReferenceProxy;
			fileType = wrapper.framework;
			path = Alamofire.framework;
			remoteRef = 510608991BA54521008822C4 /* PBXContainerItemProxy */;
			sourceTree = BUILT_PRODUCTS_DIR;
		};
		5106089C1BA54521008822C4 /* Alamofire.framework */ = {
			isa = PBXReferenceProxy;
			fileType = wrapper.framework;
			path = Alamofire.framework;
			remoteRef = 5106089B1BA54521008822C4 /* PBXContainerItemProxy */;
			sourceTree = BUILT_PRODUCTS_DIR;
		};
		5106089E1BA54521008822C4 /* Alamofire.framework */ = {
			isa = PBXReferenceProxy;
			fileType = wrapper.framework;
			path = Alamofire.framework;
			remoteRef = 5106089D1BA54521008822C4 /* PBXContainerItemProxy */;
			sourceTree = BUILT_PRODUCTS_DIR;
		};
		510608A01BA54521008822C4 /* Alamofire iOS Tests.xctest */ = {
			isa = PBXReferenceProxy;
			fileType = wrapper.cfbundle;
			path = "Alamofire iOS Tests.xctest";
			remoteRef = 5106089F1BA54521008822C4 /* PBXContainerItemProxy */;
			sourceTree = BUILT_PRODUCTS_DIR;
		};
		510608A21BA54521008822C4 /* Alamofire OSX Tests.xctest */ = {
			isa = PBXReferenceProxy;
			fileType = wrapper.cfbundle;
			path = "Alamofire OSX Tests.xctest";
			remoteRef = 510608A11BA54521008822C4 /* PBXContainerItemProxy */;
			sourceTree = BUILT_PRODUCTS_DIR;
		};
		510608A91BA54529008822C4 /* libMBProgressHUD.a */ = {
			isa = PBXReferenceProxy;
			fileType = archive.ar;
			path = libMBProgressHUD.a;
			remoteRef = 510608A81BA54529008822C4 /* PBXContainerItemProxy */;
			sourceTree = BUILT_PRODUCTS_DIR;
		};
		510608AB1BA54529008822C4 /* MBProgressHUD.framework */ = {
			isa = PBXReferenceProxy;
			fileType = wrapper.framework;
			path = MBProgressHUD.framework;
			remoteRef = 510608AA1BA54529008822C4 /* PBXContainerItemProxy */;
			sourceTree = BUILT_PRODUCTS_DIR;
		};
/* End PBXReferenceProxy section */

/* Begin PBXResourcesBuildPhase section */
		79DBBC3DCD35E9BF92E2F2E0 /* Resources */ = {
			isa = PBXResourcesBuildPhase;
			buildActionMask = 2147483647;
			files = (
				5139650A1A848B94008BD09E /* list-alt.png in Resources */,
				5139650D1A848C0D008BD09E /* share-left.png in Resources */,
				5184210A1A7FBCA000323E67 /* share.png in Resources */,
				513965161A848CED008BD09E /* Console.xib in Resources */,
				5151127D1A7A0A01004F8C18 /* power-off.png in Resources */,
				5139650B1A848B94008BD09E /* th-large.png in Resources */,
				5151127E1A7A0A01004F8C18 /* trash.png in Resources */,
				51A9B2B81A81038D008DEAD8 /* file-code.png in Resources */,
				5185F0BF1A4171F9008B42A1 /* Images.xcassets in Resources */,
				515061171A7657DE00019287 /* folder.png in Resources */,
				51A45C931A825B98003A5C44 /* hdd.png in Resources */,
				5151127C1A7A0A01004F8C18 /* edit.png in Resources */,
				51A9B2BA1A8103E8008DEAD8 /* bug.png in Resources */,
				51B127421A4A885600603921 /* Main.storyboard in Resources */,
				513965091A848B94008BD09E /* columns.png in Resources */,
				515061161A7657DE00019287 /* file.png in Resources */,
				513965081A848B94008BD09E /* cogs.png in Resources */,
				5150611B1A78D97700019287 /* globe.png in Resources */,
				5135C8E01A7CCF3600817A0C /* list.png in Resources */,
				51A561DB1AB310720007B28B /* Info.plist in Resources */,
				515061151A7657DE00019287 /* desktop.png in Resources */,
				51A45C9B1A82C77F003A5C44 /* file-text.png in Resources */,
				51A45C991A82C5D3003A5C44 /* file-image.png in Resources */,
				51A45C971A82C413003A5C44 /* file-o.png in Resources */,
				79DBB56221E4D6E5E379165F /* LaunchScreen.xib in Resources */,
				51A45C951A82C203003A5C44 /* lock.png in Resources */,
				79DBB23EFD273E08E48D333D /* files.png in Resources */,
				79DBBA3685F883DA57DE8DBA /* link.png in Resources */,
			);
			runOnlyForDeploymentPostprocessing = 0;
		};
/* End PBXResourcesBuildPhase section */

/* Begin PBXSourcesBuildPhase section */
		79DBBC7ADF4909DBF00D9C40 /* Sources */ = {
			isa = PBXSourcesBuildPhase;
			buildActionMask = 2147483647;
			files = (
				5143CF2B1BA53F21009A2B6F /* KeychainQuery.swift in Sources */,
				51079B271AFA544C0037A12F /* IAPManager.swift in Sources */,
				519649091ADBFA770027BFF0 /* PopupWindow.swift in Sources */,
				5135C8E41A7D011E00817A0C /* Colors.swift in Sources */,
				51CA38D51AAEB38F00315059 /* FormDescriptor.swift in Sources */,
				51A45C911A822EDC003A5C44 /* SiteCell.swift in Sources */,
				51CA38CB1AAEB38F00315059 /* FormDateCell.swift in Sources */,
				51E94EBF1ABFD6EB00B071ED /* ResourceTVsPanel.swift in Sources */,
				51CA38CA1AAEB38F00315059 /* FormCheckCell.swift in Sources */,
				51CA38D71AAEB38F00315059 /* FormSectionDescriptor.swift in Sources */,
				51A561E01AB310720007B28B /* JLNestedScope.swift in Sources */,
				5143CF271BA53F21009A2B6F /* ArchiveKey.swift in Sources */,
				51A561E11AB310720007B28B /* JLRegexScope.swift in Sources */,
				513183711A4352C7002497F2 /* AppDelegate.swift in Sources */,
				51DFC7741BA5773200D7F3C5 /* SettingsList.swift in Sources */,
				51A561E81AB310720007B28B /* NSIndexSet+Additions.swift in Sources */,
				51EA6CCE1A7E589900E00280 /* ManagerLogCell.swift in Sources */,
				5163F4961A9EFB0C00430861 /* FilePanel.swift in Sources */,
				51CA38D11AAEB38F00315059 /* FormTextViewCell.swift in Sources */,
				5142A1D41AA9ED8100F243F8 /* ElementPanel.swift in Sources */,
				51CA38D01AAEB38F00315059 /* FormTextFieldCell.swift in Sources */,
				51A561E71AB310720007B28B /* JLTokenType.swift in Sources */,
				51CA38CE1AAEB38F00315059 /* FormSelectorCell.swift in Sources */,
				51B1274B1A4A9E2800603921 /* DefaultTextField.swift in Sources */,
				51E94EB91ABFD4FD00B071ED /* ResourceTabPanel.swift in Sources */,
				51CA38CC1AAEB38F00315059 /* FormPickerCell.swift in Sources */,
				51A561EC1AB318FC0007B28B /* DefaultCodeView.swift in Sources */,
				51CA38D41AAEB38F00315059 /* FormViewController.swift in Sources */,
				51A561E61AB310720007B28B /* JLTokenizingScope.swift in Sources */,
				5105A11F1A761EE0004DF472 /* SiteSettings.swift in Sources */,
				51CA38D61AAEB38F00315059 /* FormRowDescriptor.swift in Sources */,
				513965101A848CA9008BD09E /* ElementsList.swift in Sources */,
				51CA38CF1AAEB38F00315059 /* FormSwitchCell.swift in Sources */,
				51A561E51AB310720007B28B /* JLTextViewController.swift in Sources */,
				513965151A848CED008BD09E /* Console.swift in Sources */,
				51A561DC1AB310720007B28B /* JLColorTheme.swift in Sources */,
				518421081A7F6D3200323E67 /* ResourceCell.swift in Sources */,
				511E800F1AB5AAE10018C6D9 /* DefaultLabelField.swift in Sources */,
				5143CF281BA53F21009A2B6F /* GenericKey.swift in Sources */,
				51CA38C71AAEB38F00315059 /* FormTitleCell.swift in Sources */,
				51CA38C81AAEB38F00315059 /* FormValueCell.swift in Sources */,
				51D9DA531A4ADB570076C94A /* DefaultCell.swift in Sources */,
				5143CF291BA53F21009A2B6F /* Keychain.swift in Sources */,
				51A561E31AB310720007B28B /* JLTextStorage.swift in Sources */,
				51EA6CCA1A7E2ACE00E00280 /* ErrorLog.swift in Sources */,
				5105A11B1A761E4C004DF472 /* ResourcesList.swift in Sources */,
				51A561DD1AB310720007B28B /* JLDocumentScope.swift in Sources */,
				51A45C8D1A822B3E003A5C44 /* FilesList.swift in Sources */,
				5105A11D1A761E74004DF472 /* SitesList.swift in Sources */,
				51589AB91A44058700146AB1 /* Regex.swift in Sources */,
				5143CF2C1BA53F21009A2B6F /* KeychainService.swift in Sources */,
				5105A1271A762123004DF472 /* Utils.swift in Sources */,
				51CA38C91AAEB38F00315059 /* FormButtonCell.swift in Sources */,
				515061191A765CEF00019287 /* DefaultButton.swift in Sources */,
				5105A1211A761F47004DF472 /* SiteMain.swift in Sources */,
				512914951AB0373800F0B010 /* DefaultTextView.swift in Sources */,
				5175A5FF1B0B4D4200E9E0D6 /* InfoView.swift in Sources */,
				513183721A4352C7002497F2 /* DefaultView.swift in Sources */,
				51CA38D21AAEB38F00315059 /* FormOptionsSelectorController.swift in Sources */,
				51CA38CD1AAEB38F00315059 /* FormSegmentedControlCell.swift in Sources */,
				513965121A848CD5008BD09E /* ElementCell.swift in Sources */,
				51EA6CCC1A7E32CB00E00280 /* ManagerLog.swift in Sources */,
				51CA38D31AAEB38F00315059 /* FormSelector.swift in Sources */,
				5143CF2A1BA53F21009A2B6F /* KeychainItem.swift in Sources */,
				51A561DE1AB310720007B28B /* JLKeywordScope.swift in Sources */,
				51A45C8F1A822CCD003A5C44 /* FileCell.swift in Sources */,
				51A561E41AB310720007B28B /* JLTextView.swift in Sources */,
				51885C0C1AC2644B00CD5D65 /* ResourceSettingsPanel.swift in Sources */,
				51CA38C61AAEB38F00315059 /* FormBaseCell.swift in Sources */,
				51CA38D91AAEC32600315059 /* DefaultForm.swift in Sources */,
				79DBBBB486F5D66212B3FDD5 /* DefaultTable.swift in Sources */,
				79DBB79B66B7294DDB53E921 /* FormTextCodeCell.swift in Sources */,
				510697A71AFCCF8B0062DA77 /* LockScreen.swift in Sources */,
				51A561E21AB310720007B28B /* JLScope.swift in Sources */,
				79DBBD62A5A8089556E4312B /* FormImageCell.swift in Sources */,
				51A561DF1AB310720007B28B /* JLLanguage.swift in Sources */,
				51E94EBD1ABFD6D700B071ED /* ResourceMainPanel.swift in Sources */,
				79DBB2F337D989D3DBEE65CD /* FormRemoteSelectorController.swift in Sources */,
				79DBB7423C20AEECA48BAA76 /* ResourceContentTypeSelector.swift in Sources */,
				79DBBE9A03AFC9CB3D732753 /* ResourceParentSelector.swift in Sources */,
				79DBB4F8F1965803F2518A7D /* ResourceTemplateSelector.swift in Sources */,
			);
			runOnlyForDeploymentPostprocessing = 0;
		};
/* End PBXSourcesBuildPhase section */

/* Begin PBXTargetDependency section */
		510608AF1BA5453C008822C4 /* PBXTargetDependency */ = {
			isa = PBXTargetDependency;
			name = "Alamofire iOS";
			targetProxy = 510608AE1BA5453C008822C4 /* PBXContainerItemProxy */;
		};
		510608B31BA54542008822C4 /* PBXTargetDependency */ = {
			isa = PBXTargetDependency;
			name = "MBProgressHUD Framework";
			targetProxy = 510608B21BA54542008822C4 /* PBXContainerItemProxy */;
		};
/* End PBXTargetDependency section */

/* Begin PBXVariantGroup section */
		51B127441A4A885600603921 /* Main.storyboard */ = {
			isa = PBXVariantGroup;
			children = (
				51B127451A4A885C00603921 /* ru */,
				51B127461A4A888000603921 /* Base */,
				5175A6011B0B67BD00E9E0D6 /* en */,
			);
			name = Main.storyboard;
			sourceTree = "<group>";
		};
		79DBBEA4339EFCBADB139782 /* LaunchScreen.xib */ = {
			isa = PBXVariantGroup;
			children = (
				79DBB6DC577AB0EAE4714690 /* Base */,
			);
			name = LaunchScreen.xib;
			sourceTree = "<group>";
		};
/* End PBXVariantGroup section */

/* Begin XCBuildConfiguration section */
		79DBB00C78BCE05AEDF3798E /* Debug */ = {
			isa = XCBuildConfiguration;
			buildSettings = {
				ASSETCATALOG_COMPILER_APPICON_NAME = AppIcon;
				ASSETCATALOG_COMPILER_LAUNCHIMAGE_NAME = LaunchImage;
				CLANG_ENABLE_MODULES = YES;
				CODE_SIGN_IDENTITY = "iPhone Developer: Vasiliy Naumkin (J2E69EUB66)";
				EMBEDDED_CONTENT_CONTAINS_SWIFT = YES;
				INFOPLIST_FILE = mxManager/Info.plist;
				INSTALL_PATH = "$(LOCAL_APPS_DIR)";
				LD_RUNPATH_SEARCH_PATHS = "$(inherited) @executable_path/Frameworks";
				ONLY_ACTIVE_ARCH = NO;
				PRODUCT_BUNDLE_IDENTIFIER = "bez.$(PRODUCT_NAME:rfc1034identifier)";
				PRODUCT_NAME = "$(TARGET_NAME)";
				PROVISIONING_PROFILE = "43e1203b-8aae-47c1-bad1-1e3a48ae5fd1";
				SWIFT_OBJC_BRIDGING_HEADER = "";
				SWIFT_OPTIMIZATION_LEVEL = "-Onone";
				TARGETED_DEVICE_FAMILY = "1,2";
			};
			name = Debug;
		};
		79DBB29B68F41C61470147E1 /* Debug */ = {
			isa = XCBuildConfiguration;
			buildSettings = {
				ALWAYS_SEARCH_USER_PATHS = NO;
				CLANG_CXX_LANGUAGE_STANDARD = "gnu++0x";
				CLANG_CXX_LIBRARY = "libc++";
				CLANG_ENABLE_MODULES = YES;
				CLANG_ENABLE_OBJC_ARC = YES;
				CLANG_WARN_BOOL_CONVERSION = YES;
				CLANG_WARN_CONSTANT_CONVERSION = YES;
				CLANG_WARN_DIRECT_OBJC_ISA_USAGE = YES_ERROR;
				CLANG_WARN_EMPTY_BODY = YES;
				CLANG_WARN_ENUM_CONVERSION = YES;
				CLANG_WARN_INT_CONVERSION = YES;
				CLANG_WARN_OBJC_ROOT_CLASS = YES_ERROR;
				CLANG_WARN_UNREACHABLE_CODE = YES;
				CLANG_WARN__DUPLICATE_METHOD_MATCH = YES;
				CODE_SIGN_IDENTITY = "iPhone Developer: Vasiliy Naumkin (J2E69EUB66)";
				"CODE_SIGN_IDENTITY[sdk=iphoneos*]" = "iPhone Developer: Vasiliy Naumkin (J2E69EUB66)";
				COPY_PHASE_STRIP = NO;
				EMBEDDED_CONTENT_CONTAINS_SWIFT = YES;
				ENABLE_STRICT_OBJC_MSGSEND = YES;
				ENABLE_TESTABILITY = YES;
				GCC_C_LANGUAGE_STANDARD = gnu99;
				GCC_DYNAMIC_NO_PIC = NO;
				GCC_OPTIMIZATION_LEVEL = 0;
				GCC_PREPROCESSOR_DEFINITIONS = (
					"DEBUG=1",
					"$(inherited)",
				);
				GCC_SYMBOLS_PRIVATE_EXTERN = NO;
				GCC_WARN_64_TO_32_BIT_CONVERSION = YES;
				GCC_WARN_ABOUT_RETURN_TYPE = YES_ERROR;
				GCC_WARN_UNDECLARED_SELECTOR = YES;
				GCC_WARN_UNINITIALIZED_AUTOS = YES_AGGRESSIVE;
				GCC_WARN_UNUSED_FUNCTION = YES;
				GCC_WARN_UNUSED_VARIABLE = YES;
				IPHONEOS_DEPLOYMENT_TARGET = 8.0;
				MTL_ENABLE_DEBUG_INFO = YES;
				ONLY_ACTIVE_ARCH = YES;
				PROVISIONING_PROFILE = "43e1203b-8aae-47c1-bad1-1e3a48ae5fd1";
				SDKROOT = iphoneos;
				SWIFT_OPTIMIZATION_LEVEL = "-Onone";
				TARGETED_DEVICE_FAMILY = "1,2";
			};
			name = Debug;
		};
		79DBBBB35A0D09F385945A73 /* Release */ = {
			isa = XCBuildConfiguration;
			buildSettings = {
				ASSETCATALOG_COMPILER_APPICON_NAME = AppIcon;
				ASSETCATALOG_COMPILER_LAUNCHIMAGE_NAME = LaunchImage;
				CLANG_ENABLE_MODULES = YES;
				CODE_SIGN_IDENTITY = "iPhone Developer: Vasiliy Naumkin (J2E69EUB66)";
				EMBEDDED_CONTENT_CONTAINS_SWIFT = YES;
				INFOPLIST_FILE = mxManager/Info.plist;
				INSTALL_PATH = "$(LOCAL_APPS_DIR)";
				LD_RUNPATH_SEARCH_PATHS = "$(inherited) @executable_path/Frameworks";
				ONLY_ACTIVE_ARCH = NO;
				PRODUCT_BUNDLE_IDENTIFIER = "bez.$(PRODUCT_NAME:rfc1034identifier)";
				PRODUCT_NAME = "$(TARGET_NAME)";
				PROVISIONING_PROFILE = "43e1203b-8aae-47c1-bad1-1e3a48ae5fd1";
				SWIFT_OBJC_BRIDGING_HEADER = "";
				TARGETED_DEVICE_FAMILY = "1,2";
			};
			name = Release;
		};
		79DBBEB6EB17E99CD77488B2 /* Release */ = {
			isa = XCBuildConfiguration;
			buildSettings = {
				ALWAYS_SEARCH_USER_PATHS = NO;
				CLANG_CXX_LANGUAGE_STANDARD = "gnu++0x";
				CLANG_CXX_LIBRARY = "libc++";
				CLANG_ENABLE_MODULES = YES;
				CLANG_ENABLE_OBJC_ARC = YES;
				CLANG_WARN_BOOL_CONVERSION = YES;
				CLANG_WARN_CONSTANT_CONVERSION = YES;
				CLANG_WARN_DIRECT_OBJC_ISA_USAGE = YES_ERROR;
				CLANG_WARN_EMPTY_BODY = YES;
				CLANG_WARN_ENUM_CONVERSION = YES;
				CLANG_WARN_INT_CONVERSION = YES;
				CLANG_WARN_OBJC_ROOT_CLASS = YES_ERROR;
				CLANG_WARN_UNREACHABLE_CODE = YES;
				CLANG_WARN__DUPLICATE_METHOD_MATCH = YES;
				CODE_SIGN_IDENTITY = "iPhone Developer: Vasiliy Naumkin (J2E69EUB66)";
				"CODE_SIGN_IDENTITY[sdk=iphoneos*]" = "iPhone Developer: Vasiliy Naumkin (J2E69EUB66)";
				COPY_PHASE_STRIP = YES;
				EMBEDDED_CONTENT_CONTAINS_SWIFT = YES;
				ENABLE_NS_ASSERTIONS = NO;
				ENABLE_STRICT_OBJC_MSGSEND = YES;
				GCC_C_LANGUAGE_STANDARD = gnu99;
				GCC_WARN_64_TO_32_BIT_CONVERSION = YES;
				GCC_WARN_ABOUT_RETURN_TYPE = YES_ERROR;
				GCC_WARN_UNDECLARED_SELECTOR = YES;
				GCC_WARN_UNINITIALIZED_AUTOS = YES_AGGRESSIVE;
				GCC_WARN_UNUSED_FUNCTION = YES;
				GCC_WARN_UNUSED_VARIABLE = YES;
				IPHONEOS_DEPLOYMENT_TARGET = 8.0;
				MTL_ENABLE_DEBUG_INFO = NO;
				ONLY_ACTIVE_ARCH = NO;
				PROVISIONING_PROFILE = "43e1203b-8aae-47c1-bad1-1e3a48ae5fd1";
				SDKROOT = iphoneos;
				TARGETED_DEVICE_FAMILY = "1,2";
				VALIDATE_PRODUCT = YES;
			};
			name = Release;
		};
/* End XCBuildConfiguration section */

/* Begin XCConfigurationList section */
		79DBB85988EADC5C76705A49 /* Build configuration list for PBXNativeTarget "mxManager" */ = {
			isa = XCConfigurationList;
			buildConfigurations = (
				79DBB00C78BCE05AEDF3798E /* Debug */,
				79DBBBB35A0D09F385945A73 /* Release */,
			);
			defaultConfigurationIsVisible = 0;
			defaultConfigurationName = Release;
		};
		79DBB9F750CE322336CDEBDE /* Build configuration list for PBXProject "mxManager" */ = {
			isa = XCConfigurationList;
			buildConfigurations = (
				79DBB29B68F41C61470147E1 /* Debug */,
				79DBBEB6EB17E99CD77488B2 /* Release */,
			);
			defaultConfigurationIsVisible = 0;
			defaultConfigurationName = Release;
		};
/* End XCConfigurationList section */
	};
	rootObject = 79DBBECE25ED04DEBE68F711 /* Project object */;
}
